
Microsoft Visual Studio Solution File, Format Version 12.00
# Visual Studio Version 17
VisualStudioVersion = 17.14.36414.22 d17.14
MinimumVisualStudioVersion = 10.0.40219.1
Project("{FAE04EC0-301F-11D3-BF4B-00C04F79EFBC}") = "Implementation", "Implementation.csproj", "{6AA11A4A-6D79-41F9-8E08-626AFEB647C2}"
EndProject
Project("{FAE04EC0-301F-11D3-BF4B-00C04F79EFBC}") = "DoorOpenSignal", "..\DoorOpenSignal\DoorOpenSignal.csproj", "{028C0415-51B7-4561-8256-7D9DF2324A65}"
EndProject
Project("{FAE04EC0-301F-11D3-BF4B-00C04F79EFBC}") = "BillValidatorKeep-Alive", "..\BillValidatorKeep-Alive\BillValidatorKeep-Alive.csproj", "{BB20E4A0-7322-4994-AABF-69DB9C006772}"
EndProject
Project("{FAE04EC0-301F-11D3-BF4B-00C04F79EFBC}") = "ControlledOSSettingChange", "..\ControlledOSSettingChange\ControlledOSSettingChange.csproj", "{24231FD3-EB93-4D54-82A9-7738C0C677C6}"
EndProject
Project("{FAE04EC0-301F-11D3-BF4B-00C04F79EFBC}") = "EventLogging_StateMachine", "..\EventLogging_StateMachine\EventLogging_StateMachine.csproj", "{6AB1F395-3AE9-45FB-97C0-80CE07177D54}"
EndProject
Global
	GlobalSection(SolutionConfigurationPlatforms) = preSolution
		Debug|Any CPU = Debug|Any CPU
		Release|Any CPU = Release|Any CPU
	EndGlobalSection
	GlobalSection(ProjectConfigurationPlatforms) = postSolution
		{6AA11A4A-6D79-41F9-8E08-626AFEB647C2}.Debug|Any CPU.ActiveCfg = Debug|Any CPU
		{6AA11A4A-6D79-41F9-8E08-626AFEB647C2}.Debug|Any CPU.Build.0 = Debug|Any CPU
		{6AA11A4A-6D79-41F9-8E08-626AFEB647C2}.Release|Any CPU.ActiveCfg = Release|Any CPU
		{6AA11A4A-6D79-41F9-8E08-626AFEB647C2}.Release|Any CPU.Build.0 = Release|Any CPU
		{028C0415-51B7-4561-8256-7D9DF2324A65}.Debug|Any CPU.ActiveCfg = Debug|Any CPU
		{028C0415-51B7-4561-8256-7D9DF2324A65}.Debug|Any CPU.Build.0 = Debug|Any CPU
		{028C0415-51B7-4561-8256-7D9DF2324A65}.Release|Any CPU.ActiveCfg = Release|Any CPU
		{028C0415-51B7-4561-8256-7D9DF2324A65}.Release|Any CPU.Build.0 = Release|Any CPU
		{BB20E4A0-7322-4994-AABF-69DB9C006772}.Debug|Any CPU.ActiveCfg = Debug|Any CPU
		{BB20E4A0-7322-4994-AABF-69DB9C006772}.Debug|Any CPU.Build.0 = Debug|Any CPU
		{BB20E4A0-7322-4994-AABF-69DB9C006772}.Release|Any CPU.ActiveCfg = Release|Any CPU
		{BB20E4A0-7322-4994-AABF-69DB9C006772}.Release|Any CPU.Build.0 = Release|Any CPU
		{24231FD3-EB93-4D54-82A9-7738C0C677C6}.Debug|Any CPU.ActiveCfg = Debug|Any CPU
		{24231FD3-EB93-4D54-82A9-7738C0C677C6}.Debug|Any CPU.Build.0 = Debug|Any CPU
		{24231FD3-EB93-4D54-82A9-7738C0C677C6}.Release|Any CPU.ActiveCfg = Release|Any CPU
		{24231FD3-EB93-4D54-82A9-7738C0C677C6}.Release|Any CPU.Build.0 = Release|Any CPU
		{6AB1F395-3AE9-45FB-97C0-80CE07177D54}.Debug|Any CPU.ActiveCfg = Debug|Any CPU
		{6AB1F395-3AE9-45FB-97C0-80CE07177D54}.Debug|Any CPU.Build.0 = Debug|Any CPU
		{6AB1F395-3AE9-45FB-97C0-80CE07177D54}.Release|Any CPU.ActiveCfg = Release|Any CPU
		{6AB1F395-3AE9-45FB-97C0-80CE07177D54}.Release|Any CPU.Build.0 = Release|Any CPU
	EndGlobalSection
	GlobalSection(SolutionProperties) = preSolution
		HideSolutionNode = FALSE
	EndGlobalSection
	GlobalSection(ExtensibilityGlobals) = postSolution
		SolutionGuid = {774711A1-FC3C-4ACE-A992-CA6FDABCB4C2}
	EndGlobalSection
EndGlobal
